{"name":"gha-uses-commit","key":"https://github.com/actions/checkout.git:v6.0.1","version":"8e8c483db84b4bee98b60c0593521ed34d9990e8"}
{"name":"gha-uses-semver","key":"https://github.com/actions/checkout.git","version":"v6.0.1"}
{"name":"makefile-geekdoc-theme","key":"https://github.com/thegeeklab/hugo-geekdoc.git","version":"v2.0.0"}
{"name":"makefile-hugo","key":"https://github.com/gohugoio/hugo.git","version":"v0.153.4"}
{"name":"makefile-markdown-lint","key":"docker.io/davidanson/markdownlint-cli2","version":"v0.20.0"}
{"name":"netlify-hugo","key":"https://github.com/gohugoio/hugo.git","version":"0.153.4"}
{"name":"netlify-node","key":"https://github.com/nodejs/node.git","version":"25"}
